
Microsoft Visual Studio Solution File, Format Version 12.00
# Visual Studio Version 17
VisualStudioVersion = 17.6.33815.320
MinimumVisualStudioVersion = 10.0.40219.1
Project("{2150E333-8FDC-42A3-9474-1A3956D46DE8}") = "src", "src", "{5C1E629D-E3EE-465A-BD4A-70B08367F445}"
EndProject
Project("{2150E333-8FDC-42A3-9474-1A3956D46DE8}") = "Server", "Server", "{DF8B0027-7A2F-4747-A9B7-B7EC647F2A40}"
EndProject
Project("{9A19103F-16F7-4668-BE54-9A1E7A4F7556}") = "RadzenBook.Host", "src\Server\RadzenBook.Host\RadzenBook.Host.csproj", "{9492F668-9149-4CD2-94CD-B6261F9B4B9E}"
EndProject
Project("{9A19103F-16F7-4668-BE54-9A1E7A4F7556}") = "RadzenBook.Application", "src\Server\RadzenBook.Application\RadzenBook.Application.csproj", "{ED5E4E58-CE77-4567-A611-421DCDAC194E}"
EndProject
Project("{9A19103F-16F7-4668-BE54-9A1E7A4F7556}") = "RadzenBook.Domain", "src\Server\RadzenBook.Domain\RadzenBook.Domain.csproj", "{CBD15BB7-5FBE-4BA5-8341-1E877F85D0DD}"
EndProject
Project("{9A19103F-16F7-4668-BE54-9A1E7A4F7556}") = "RadzenBook.Infrastructure", "src\Server\RadzenBook.Infrastructure\RadzenBook.Infrastructure.csproj", "{B7D52A4C-BA25-46E6-85D3-2D9EFF0C3FA2}"
EndProject
Project("{2150E333-8FDC-42A3-9474-1A3956D46DE8}") = "Client", "Client", "{7C25ED20-A197-4B4A-8A6A-EF6C32F29102}"
EndProject
Project("{FAE04EC0-301F-11D3-BF4B-00C04F79EFBC}") = "RadzenBook.Web", "src\Client\RadzenBook.Web\RadzenBook.Web.csproj", "{7F47590F-42EA-4254-AA7E-5A10A7B1ECC8}"
EndProject
Project("{2150E333-8FDC-42A3-9474-1A3956D46DE8}") = "tests", "tests", "{69803501-9A19-4ED7-9611-8FB483188CD7}"
EndProject
Project("{FAE04EC0-301F-11D3-BF4B-00C04F79EFBC}") = "RadzenBook.Infrastructure.Test", "tests\RadzenBook.Infrastructure.Test\RadzenBook.Infrastructure.Test.csproj", "{BA2B9C5E-E2FD-4E44-A2C4-36B97B183F63}"
EndProject
Project("{2150E333-8FDC-42A3-9474-1A3956D46DE8}") = "Solution Items", "Solution Items", "{86A78770-E0D3-419F-8E4E-70FE77AAA297}"
	ProjectSection(SolutionItems) = preProject
		.gitignore = .gitignore
		README.md = README.md
		RadzenBook.sln = RadzenBook.sln
		LICENSE = LICENSE
	EndProjectSection
EndProject
Global
	GlobalSection(SolutionConfigurationPlatforms) = preSolution
		Debug|Any CPU = Debug|Any CPU
		Release|Any CPU = Release|Any CPU
	EndGlobalSection
	GlobalSection(ProjectConfigurationPlatforms) = postSolution
		{9492F668-9149-4CD2-94CD-B6261F9B4B9E}.Debug|Any CPU.ActiveCfg = Debug|Any CPU
		{9492F668-9149-4CD2-94CD-B6261F9B4B9E}.Debug|Any CPU.Build.0 = Debug|Any CPU
		{9492F668-9149-4CD2-94CD-B6261F9B4B9E}.Release|Any CPU.ActiveCfg = Release|Any CPU
		{9492F668-9149-4CD2-94CD-B6261F9B4B9E}.Release|Any CPU.Build.0 = Release|Any CPU
		{ED5E4E58-CE77-4567-A611-421DCDAC194E}.Debug|Any CPU.ActiveCfg = Debug|Any CPU
		{ED5E4E58-CE77-4567-A611-421DCDAC194E}.Debug|Any CPU.Build.0 = Debug|Any CPU
		{ED5E4E58-CE77-4567-A611-421DCDAC194E}.Release|Any CPU.ActiveCfg = Release|Any CPU
		{ED5E4E58-CE77-4567-A611-421DCDAC194E}.Release|Any CPU.Build.0 = Release|Any CPU
		{CBD15BB7-5FBE-4BA5-8341-1E877F85D0DD}.Debug|Any CPU.ActiveCfg = Debug|Any CPU
		{CBD15BB7-5FBE-4BA5-8341-1E877F85D0DD}.Debug|Any CPU.Build.0 = Debug|Any CPU
		{CBD15BB7-5FBE-4BA5-8341-1E877F85D0DD}.Release|Any CPU.ActiveCfg = Release|Any CPU
		{CBD15BB7-5FBE-4BA5-8341-1E877F85D0DD}.Release|Any CPU.Build.0 = Release|Any CPU
		{B7D52A4C-BA25-46E6-85D3-2D9EFF0C3FA2}.Debug|Any CPU.ActiveCfg = Debug|Any CPU
		{B7D52A4C-BA25-46E6-85D3-2D9EFF0C3FA2}.Debug|Any CPU.Build.0 = Debug|Any CPU
		{B7D52A4C-BA25-46E6-85D3-2D9EFF0C3FA2}.Release|Any CPU.ActiveCfg = Release|Any CPU
		{B7D52A4C-BA25-46E6-85D3-2D9EFF0C3FA2}.Release|Any CPU.Build.0 = Release|Any CPU
		{7F47590F-42EA-4254-AA7E-5A10A7B1ECC8}.Debug|Any CPU.ActiveCfg = Debug|Any CPU
		{7F47590F-42EA-4254-AA7E-5A10A7B1ECC8}.Debug|Any CPU.Build.0 = Debug|Any CPU
		{7F47590F-42EA-4254-AA7E-5A10A7B1ECC8}.Release|Any CPU.ActiveCfg = Release|Any CPU
		{7F47590F-42EA-4254-AA7E-5A10A7B1ECC8}.Release|Any CPU.Build.0 = Release|Any CPU
		{BA2B9C5E-E2FD-4E44-A2C4-36B97B183F63}.Debug|Any CPU.ActiveCfg = Debug|Any CPU
		{BA2B9C5E-E2FD-4E44-A2C4-36B97B183F63}.Debug|Any CPU.Build.0 = Debug|Any CPU
		{BA2B9C5E-E2FD-4E44-A2C4-36B97B183F63}.Release|Any CPU.ActiveCfg = Release|Any CPU
		{BA2B9C5E-E2FD-4E44-A2C4-36B97B183F63}.Release|Any CPU.Build.0 = Release|Any CPU
	EndGlobalSection
	GlobalSection(SolutionProperties) = preSolution
		HideSolutionNode = FALSE
	EndGlobalSection
	GlobalSection(ExtensibilityGlobals) = postSolution
		SolutionGuid = {AC6CC874-A2FF-418A-88B5-4C9E21FD65A1}
	EndGlobalSection
	GlobalSection(NestedProjects) = preSolution
		{DF8B0027-7A2F-4747-A9B7-B7EC647F2A40} = {5C1E629D-E3EE-465A-BD4A-70B08367F445}
		{7C25ED20-A197-4B4A-8A6A-EF6C32F29102} = {5C1E629D-E3EE-465A-BD4A-70B08367F445}
		{ED5E4E58-CE77-4567-A611-421DCDAC194E} = {DF8B0027-7A2F-4747-A9B7-B7EC647F2A40}
		{7F47590F-42EA-4254-AA7E-5A10A7B1ECC8} = {7C25ED20-A197-4B4A-8A6A-EF6C32F29102}
		{CBD15BB7-5FBE-4BA5-8341-1E877F85D0DD} = {DF8B0027-7A2F-4747-A9B7-B7EC647F2A40}
		{9492F668-9149-4CD2-94CD-B6261F9B4B9E} = {DF8B0027-7A2F-4747-A9B7-B7EC647F2A40}
		{B7D52A4C-BA25-46E6-85D3-2D9EFF0C3FA2} = {DF8B0027-7A2F-4747-A9B7-B7EC647F2A40}
		{BA2B9C5E-E2FD-4E44-A2C4-36B97B183F63} = {69803501-9A19-4ED7-9611-8FB483188CD7}
	EndGlobalSection
EndGlobal
