
Microsoft Visual Studio Solution File, Format Version 12.00
# Visual Studio Version 17
VisualStudioVersion = 17.6.33815.320
MinimumVisualStudioVersion = 10.0.40219.1
Project("{9A19103F-16F7-4668-BE54-9A1E7A4F7556}") = "RadzenBook.API", "RadzenBook.API\RadzenBook.API.csproj", "{9492F668-9149-4CD2-94CD-B6261F9B4B9E}"
EndProject
Project("{9A19103F-16F7-4668-BE54-9A1E7A4F7556}") = "RadzenBook.Persistence", "RadzenBook.Persistence\RadzenBook.Persistence.csproj", "{550865DC-0B82-4851-9123-43BA2553ED34}"
EndProject
Project("{9A19103F-16F7-4668-BE54-9A1E7A4F7556}") = "RadzenBook.Repository", "RadzenBook.Repository\RadzenBook.Repository.csproj", "{32627660-92C4-41C5-A8A7-3205D2DA9B41}"
EndProject
Project("{9A19103F-16F7-4668-BE54-9A1E7A4F7556}") = "RadzenBook.Service", "RadzenBook.Service\RadzenBook.Service.csproj", "{ED5E4E58-CE77-4567-A611-421DCDAC194E}"
EndProject
Project("{9A19103F-16F7-4668-BE54-9A1E7A4F7556}") = "RadzenBook.Common", "RadzenBook.Common\RadzenBook.Common.csproj", "{C2C09C84-C34C-416D-A4EB-CF5DF46CCBC3}"
EndProject
Project("{9A19103F-16F7-4668-BE54-9A1E7A4F7556}") = "RadzenBook.Client", "RadzenBook.Client\RadzenBook.Client.csproj", "{0BAEF9CC-03CB-4A76-B284-9335E686BEAA}"
EndProject
Project("{9A19103F-16F7-4668-BE54-9A1E7A4F7556}") = "RadzenBook.Entity", "RadzenBook.Entity\RadzenBook.Entity.csproj", "{CBD15BB7-5FBE-4BA5-8341-1E877F85D0DD}"
EndProject
Project("{2150E333-8FDC-42A3-9474-1A3956D46DE8}") = "Server", "Server", "{B006C6F8-6BA8-4659-895B-BFC7041D948F}"
EndProject
Project("{2150E333-8FDC-42A3-9474-1A3956D46DE8}") = "Client", "Client", "{43EB0579-E53B-4AD0-987A-04FF85CCBA74}"
EndProject
Project("{2150E333-8FDC-42A3-9474-1A3956D46DE8}") = "Shared", "Shared", "{DA6C7FF4-44A2-47E8-B902-B0D6EAA8C778}"
EndProject
Project("{FAE04EC0-301F-11D3-BF4B-00C04F79EFBC}") = "RadzenBook.Contract", "RadzenBook.Contract\RadzenBook.Contract.csproj", "{752ABDF3-84E3-46F1-8775-EEE77D9FD9E9}"
EndProject
Global
	GlobalSection(SolutionConfigurationPlatforms) = preSolution
		Debug|Any CPU = Debug|Any CPU
		Release|Any CPU = Release|Any CPU
	EndGlobalSection
	GlobalSection(ProjectConfigurationPlatforms) = postSolution
		{9492F668-9149-4CD2-94CD-B6261F9B4B9E}.Debug|Any CPU.ActiveCfg = Debug|Any CPU
		{9492F668-9149-4CD2-94CD-B6261F9B4B9E}.Debug|Any CPU.Build.0 = Debug|Any CPU
		{9492F668-9149-4CD2-94CD-B6261F9B4B9E}.Release|Any CPU.ActiveCfg = Release|Any CPU
		{9492F668-9149-4CD2-94CD-B6261F9B4B9E}.Release|Any CPU.Build.0 = Release|Any CPU
		{550865DC-0B82-4851-9123-43BA2553ED34}.Debug|Any CPU.ActiveCfg = Debug|Any CPU
		{550865DC-0B82-4851-9123-43BA2553ED34}.Debug|Any CPU.Build.0 = Debug|Any CPU
		{550865DC-0B82-4851-9123-43BA2553ED34}.Release|Any CPU.ActiveCfg = Release|Any CPU
		{550865DC-0B82-4851-9123-43BA2553ED34}.Release|Any CPU.Build.0 = Release|Any CPU
		{32627660-92C4-41C5-A8A7-3205D2DA9B41}.Debug|Any CPU.ActiveCfg = Debug|Any CPU
		{32627660-92C4-41C5-A8A7-3205D2DA9B41}.Debug|Any CPU.Build.0 = Debug|Any CPU
		{32627660-92C4-41C5-A8A7-3205D2DA9B41}.Release|Any CPU.ActiveCfg = Release|Any CPU
		{32627660-92C4-41C5-A8A7-3205D2DA9B41}.Release|Any CPU.Build.0 = Release|Any CPU
		{ED5E4E58-CE77-4567-A611-421DCDAC194E}.Debug|Any CPU.ActiveCfg = Debug|Any CPU
		{ED5E4E58-CE77-4567-A611-421DCDAC194E}.Debug|Any CPU.Build.0 = Debug|Any CPU
		{ED5E4E58-CE77-4567-A611-421DCDAC194E}.Release|Any CPU.ActiveCfg = Release|Any CPU
		{ED5E4E58-CE77-4567-A611-421DCDAC194E}.Release|Any CPU.Build.0 = Release|Any CPU
		{C2C09C84-C34C-416D-A4EB-CF5DF46CCBC3}.Debug|Any CPU.ActiveCfg = Debug|Any CPU
		{C2C09C84-C34C-416D-A4EB-CF5DF46CCBC3}.Debug|Any CPU.Build.0 = Debug|Any CPU
		{C2C09C84-C34C-416D-A4EB-CF5DF46CCBC3}.Release|Any CPU.ActiveCfg = Release|Any CPU
		{C2C09C84-C34C-416D-A4EB-CF5DF46CCBC3}.Release|Any CPU.Build.0 = Release|Any CPU
		{0BAEF9CC-03CB-4A76-B284-9335E686BEAA}.Debug|Any CPU.ActiveCfg = Debug|Any CPU
		{0BAEF9CC-03CB-4A76-B284-9335E686BEAA}.Debug|Any CPU.Build.0 = Debug|Any CPU
		{0BAEF9CC-03CB-4A76-B284-9335E686BEAA}.Release|Any CPU.ActiveCfg = Release|Any CPU
		{0BAEF9CC-03CB-4A76-B284-9335E686BEAA}.Release|Any CPU.Build.0 = Release|Any CPU
		{CBD15BB7-5FBE-4BA5-8341-1E877F85D0DD}.Debug|Any CPU.ActiveCfg = Debug|Any CPU
		{CBD15BB7-5FBE-4BA5-8341-1E877F85D0DD}.Debug|Any CPU.Build.0 = Debug|Any CPU
		{CBD15BB7-5FBE-4BA5-8341-1E877F85D0DD}.Release|Any CPU.ActiveCfg = Release|Any CPU
		{CBD15BB7-5FBE-4BA5-8341-1E877F85D0DD}.Release|Any CPU.Build.0 = Release|Any CPU
		{752ABDF3-84E3-46F1-8775-EEE77D9FD9E9}.Debug|Any CPU.ActiveCfg = Debug|Any CPU
		{752ABDF3-84E3-46F1-8775-EEE77D9FD9E9}.Debug|Any CPU.Build.0 = Debug|Any CPU
		{752ABDF3-84E3-46F1-8775-EEE77D9FD9E9}.Release|Any CPU.ActiveCfg = Release|Any CPU
		{752ABDF3-84E3-46F1-8775-EEE77D9FD9E9}.Release|Any CPU.Build.0 = Release|Any CPU
	EndGlobalSection
	GlobalSection(SolutionProperties) = preSolution
		HideSolutionNode = FALSE
	EndGlobalSection
	GlobalSection(NestedProjects) = preSolution
		{9492F668-9149-4CD2-94CD-B6261F9B4B9E} = {B006C6F8-6BA8-4659-895B-BFC7041D948F}
		{550865DC-0B82-4851-9123-43BA2553ED34} = {B006C6F8-6BA8-4659-895B-BFC7041D948F}
		{32627660-92C4-41C5-A8A7-3205D2DA9B41} = {B006C6F8-6BA8-4659-895B-BFC7041D948F}
		{ED5E4E58-CE77-4567-A611-421DCDAC194E} = {B006C6F8-6BA8-4659-895B-BFC7041D948F}
		{C2C09C84-C34C-416D-A4EB-CF5DF46CCBC3} = {DA6C7FF4-44A2-47E8-B902-B0D6EAA8C778}
		{0BAEF9CC-03CB-4A76-B284-9335E686BEAA} = {43EB0579-E53B-4AD0-987A-04FF85CCBA74}
		{CBD15BB7-5FBE-4BA5-8341-1E877F85D0DD} = {B006C6F8-6BA8-4659-895B-BFC7041D948F}
		{752ABDF3-84E3-46F1-8775-EEE77D9FD9E9} = {B006C6F8-6BA8-4659-895B-BFC7041D948F}
	EndGlobalSection
	GlobalSection(ExtensibilityGlobals) = postSolution
		SolutionGuid = {AC6CC874-A2FF-418A-88B5-4C9E21FD65A1}
	EndGlobalSection
EndGlobal
